{
    "_readme": [
        "This file locks the dependencies of your project to a known state",
        "Read more about it at https://getcomposer.org/doc/01-basic-usage.md#installing-dependencies",
        "This file is @generated automatically"
    ],
    "content-hash": "4a1284d7b7656a565457f1e11eeb5d9d",
    "packages": [
        {
            "name": "tomatophp/console-helpers",
            "version": "v1.1.0",
            "source": {
                "type": "git",
                "url": "https://github.com/tomatophp/console-helpers.git",
                "reference": "69dd818a2bfa7d038467fb526be6c9b573d36a34"
            },
            "dist": {
                "type": "zip",
                "url": "https://api.github.com/repos/tomatophp/console-helpers/zipball/69dd818a2bfa7d038467fb526be6c9b573d36a34",
                "reference": "69dd818a2bfa7d038467fb526be6c9b573d36a34",
                "shasum": ""
            },
            "type": "library",
            "extra": {
                "laravel": {
                    "providers": [
                        "TomatoPHP\\ConsoleHelpers\\ConsoleHelpersServiceProvider"
                    ]
                }
            },
            "autoload": {
                "psr-4": {
                    "TomatoPHP\\ConsoleHelpers\\": "src/"
                }
            },
            "notification-url": "https://packagist.org/downloads/",
            "license": [
                "MIT"
            ],
            "authors": [
                {
                    "name": "Fady Mondy",
                    "email": "EngFadyMondy@gmail.com"
                }
            ],
            "description": "tons of helper you need for you artisan command line application",
            "keywords": [
                "application",
                "artisan",
                "command",
                "console",
                "helpers",
                "line"
            ],
            "support": {
                "issues": "https://github.com/tomatophp/console-helpers/issues",
                "source": "https://github.com/tomatophp/console-helpers/tree/v1.1.0"
            },
            "funding": [
                {
                    "url": "https://github.com/3x1io",
                    "type": "github"
                }
            ],
            "time": "2023-02-12T12:00:38+00:00"
        }
    ],
    "packages-dev": [],
    "aliases": [],
    "minimum-stability": "stable",
    "stability-flags": {},
    "prefer-stable": false,
    "prefer-lowest": false,
    "platform": {
        "php": "^8.4"
    },
    "platform-dev": {},
    "plugin-api-version": "2.6.0"
}
